
Microsoft Visual Studio Solution File, Format Version 11.00
# Visual Studio 2010
Project("{FAE04EC0-301F-11D3-BF4B-00C04F79EFBC}") = "Enter the Gungeon", "Assembly-CSharp.csproj", "{DB2CDF88-8647-B203-B10E-D80DFE6C6364}"
EndProject
Global
	GlobalSection(SolutionConfigurationPlatforms) = preSolution
		Debug|Any CPU = Debug|Any CPU
		Release|Any CPU = Release|Any CPU
	EndGlobalSection
	GlobalSection(ProjectConfigurationPlatforms) = postSolution
		{DB2CDF88-8647-B203-B10E-D80DFE6C6364}.Debug|Any CPU.ActiveCfg = Debug|Any CPU
		{DB2CDF88-8647-B203-B10E-D80DFE6C6364}.Debug|Any CPU.Build.0 = Debug|Any CPU
		{DB2CDF88-8647-B203-B10E-D80DFE6C6364}.Release|Any CPU.ActiveCfg = Release|Any CPU
		{DB2CDF88-8647-B203-B10E-D80DFE6C6364}.Release|Any CPU.Build.0 = Release|Any CPU
	EndGlobalSection
	GlobalSection(SolutionProperties) = preSolution
		HideSolutionNode = FALSE
	EndGlobalSection
	GlobalSection(MonoDevelopProperties) = preSolution
		StartupItem = Assembly-CSharp.csproj
	EndGlobalSection
EndGlobal
